
Microsoft Visual Studio Solution File, Format Version 12.00
# Visual Studio 15
VisualStudioVersion = 15.0.28307.1927
MinimumVisualStudioVersion = 10.0.40219.1
Project("{FAE04EC0-301F-11D3-BF4B-00C04F79EFBC}") = "DAL", "DAL\DAL.csproj", "{F6971E9E-A0EE-4CA6-B625-86715218702F}"
EndProject
Project("{FAE04EC0-301F-11D3-BF4B-00C04F79EFBC}") = "BLL", "BLL\BLL.csproj", "{54024AB8-06F5-4FB0-869B-45586F5A5CD2}"
EndProject
Project("{FAE04EC0-301F-11D3-BF4B-00C04F79EFBC}") = "PL", "PL\PL.csproj", "{72167CE5-FC1E-4BB8-A1D9-67C90DE6CE28}"
EndProject
Global
	GlobalSection(SolutionConfigurationPlatforms) = preSolution
		Debug|Any CPU = Debug|Any CPU
		Release|Any CPU = Release|Any CPU
	EndGlobalSection
	GlobalSection(ProjectConfigurationPlatforms) = postSolution
		{F6971E9E-A0EE-4CA6-B625-86715218702F}.Debug|Any CPU.ActiveCfg = Debug|Any CPU
		{F6971E9E-A0EE-4CA6-B625-86715218702F}.Debug|Any CPU.Build.0 = Debug|Any CPU
		{F6971E9E-A0EE-4CA6-B625-86715218702F}.Release|Any CPU.ActiveCfg = Release|Any CPU
		{F6971E9E-A0EE-4CA6-B625-86715218702F}.Release|Any CPU.Build.0 = Release|Any CPU
		{54024AB8-06F5-4FB0-869B-45586F5A5CD2}.Debug|Any CPU.ActiveCfg = Debug|Any CPU
		{54024AB8-06F5-4FB0-869B-45586F5A5CD2}.Debug|Any CPU.Build.0 = Debug|Any CPU
		{54024AB8-06F5-4FB0-869B-45586F5A5CD2}.Release|Any CPU.ActiveCfg = Release|Any CPU
		{54024AB8-06F5-4FB0-869B-45586F5A5CD2}.Release|Any CPU.Build.0 = Release|Any CPU
		{72167CE5-FC1E-4BB8-A1D9-67C90DE6CE28}.Debug|Any CPU.ActiveCfg = Debug|Any CPU
		{72167CE5-FC1E-4BB8-A1D9-67C90DE6CE28}.Debug|Any CPU.Build.0 = Debug|Any CPU
		{72167CE5-FC1E-4BB8-A1D9-67C90DE6CE28}.Release|Any CPU.ActiveCfg = Release|Any CPU
		{72167CE5-FC1E-4BB8-A1D9-67C90DE6CE28}.Release|Any CPU.Build.0 = Release|Any CPU
	EndGlobalSection
	GlobalSection(SolutionProperties) = preSolution
		HideSolutionNode = FALSE
	EndGlobalSection
	GlobalSection(ExtensibilityGlobals) = postSolution
		SolutionGuid = {78885599-7F5D-48CE-AD4A-C589455F6E18}
	EndGlobalSection
EndGlobal
